
Microsoft Visual Studio Solution File, Format Version 12.00
# Visual Studio Version 16
VisualStudioVersion = 16.0.30503.244
MinimumVisualStudioVersion = 10.0.40219.1
Project("{FAE04EC0-301F-11D3-BF4B-00C04F79EFBC}") = "LTDT_BTTuan3_1988216", "LTDT_BTTuan3_1988216\LTDT_BTTuan3_1988216.csproj", "{B9A06DE6-268C-43AA-85EF-8B33612ECA16}"
EndProject
Global
	GlobalSection(SolutionConfigurationPlatforms) = preSolution
		Debug|Any CPU = Debug|Any CPU
		Release|Any CPU = Release|Any CPU
	EndGlobalSection
	GlobalSection(ProjectConfigurationPlatforms) = postSolution
		{B9A06DE6-268C-43AA-85EF-8B33612ECA16}.Debug|Any CPU.ActiveCfg = Debug|Any CPU
		{B9A06DE6-268C-43AA-85EF-8B33612ECA16}.Debug|Any CPU.Build.0 = Debug|Any CPU
		{B9A06DE6-268C-43AA-85EF-8B33612ECA16}.Release|Any CPU.ActiveCfg = Release|Any CPU
		{B9A06DE6-268C-43AA-85EF-8B33612ECA16}.Release|Any CPU.Build.0 = Release|Any CPU
	EndGlobalSection
	GlobalSection(SolutionProperties) = preSolution
		HideSolutionNode = FALSE
	EndGlobalSection
	GlobalSection(ExtensibilityGlobals) = postSolution
		SolutionGuid = {F5E337CA-2B81-4E67-90A1-546447002972}
	EndGlobalSection
EndGlobal
